// !$*UTF8*$!
{
	archiveVersion = 1;
	classes = {
	};
	objectVersion = 50;
	objects = {

/* Begin PBXBuildFile section */
		1839B39822321E9A00E4425B /* DetailViewController.swift in Sources */ = {isa = PBXBuildFile; fileRef = 1839B39722321E9A00E4425B /* DetailViewController.swift */; };
		184B161D2230921200364CA1 /* AppDelegate.swift in Sources */ = {isa = PBXBuildFile; fileRef = 184B161C2230921200364CA1 /* AppDelegate.swift */; };
		184B161F2230921200364CA1 /* ViewController.swift in Sources */ = {isa = PBXBuildFile; fileRef = 184B161E2230921200364CA1 /* ViewController.swift */; };
		184B16222230921200364CA1 /* Main.storyboard in Resources */ = {isa = PBXBuildFile; fileRef = 184B16202230921200364CA1 /* Main.storyboard */; };
		184B16242230921300364CA1 /* Assets.xcassets in Resources */ = {isa = PBXBuildFile; fileRef = 184B16232230921300364CA1 /* Assets.xcassets */; };
		184B16272230921300364CA1 /* LaunchScreen.storyboard in Resources */ = {isa = PBXBuildFile; fileRef = 184B16252230921300364CA1 /* LaunchScreen.storyboard */; };
		184B162F223099A200364CA1 /* Petition.swift in Sources */ = {isa = PBXBuildFile; fileRef = 184B162E223099A200364CA1 /* Petition.swift */; };
		184B163122309A9E00364CA1 /* Petitions.swift in Sources */ = {isa = PBXBuildFile; fileRef = 184B163022309A9E00364CA1 /* Petitions.swift */; };
/* End PBXBuildFile section */

/* Begin PBXFileReference section */
		1839B39722321E9A00E4425B /* DetailViewController.swift */ = {isa = PBXFileReference; lastKnownFileType = sourcecode.swift; path = DetailViewController.swift; sourceTree = "<group>"; };
		184B16192230921200364CA1 /* Project7.app */ = {isa = PBXFileReference; explicitFileType = wrapper.application; includeInIndex = 0; path = Project7.app; sourceTree = BUILT_PRODUCTS_DIR; };
		184B161C2230921200364CA1 /* AppDelegate.swift */ = {isa = PBXFileReference; lastKnownFileType = sourcecode.swift; path = AppDelegate.swift; sourceTree = "<group>"; };
		184B161E2230921200364CA1 /* ViewController.swift */ = {isa = PBXFileReference; lastKnownFileType = sourcecode.swift; path = ViewController.swift; sourceTree = "<group>"; };
		184B16212230921200364CA1 /* Base */ = {isa = PBXFileReference; lastKnownFileType = file.storyboard; name = Base; path = Base.lproj/Main.storyboard; sourceTree = "<group>"; };
		184B16232230921300364CA1 /* Assets.xcassets */ = {isa = PBXFileReference; lastKnownFileType = folder.assetcatalog; path = Assets.xcassets; sourceTree = "<group>"; };
		184B16262230921300364CA1 /* Base */ = {isa = PBXFileReference; lastKnownFileType = file.storyboard; name = Base; path = Base.lproj/LaunchScreen.storyboard; sourceTree = "<group>"; };
		184B16282230921300364CA1 /* Info.plist */ = {isa = PBXFileReference; lastKnownFileType = text.plist.xml; path = Info.plist; sourceTree = "<group>"; };
		184B162E223099A200364CA1 /* Petition.swift */ = {isa = PBXFileReference; lastKnownFileType = sourcecode.swift; path = Petition.swift; sourceTree = "<group>"; };
		184B163022309A9E00364CA1 /* Petitions.swift */ = {isa = PBXFileReference; lastKnownFileType = sourcecode.swift; path = Petitions.swift; sourceTree = "<group>"; };
/* End PBXFileReference section */

/* Begin PBXFrameworksBuildPhase section */
		184B16162230921200364CA1 /* Frameworks */ = {
			isa = PBXFrameworksBuildPhase;
			buildActionMask = 2147483647;
			files = (
			);
			runOnlyForDeploymentPostprocessing = 0;
		};
/* End PBXFrameworksBuildPhase section */

/* Begin PBXGroup section */
		184B16102230921200364CA1 = {
			isa = PBXGroup;
			children = (
				184B161B2230921200364CA1 /* Project7 */,
				184B161A2230921200364CA1 /* Products */,
			);
			sourceTree = "<group>";
		};
		184B161A2230921200364CA1 /* Products */ = {
			isa = PBXGroup;
			children = (
				184B16192230921200364CA1 /* Project7.app */,
			);
			name = Products;
			sourceTree = "<group>";
		};
		184B161B2230921200364CA1 /* Project7 */ = {
			isa = PBXGroup;
			children = (
				184B161C2230921200364CA1 /* AppDelegate.swift */,
				184B161E2230921200364CA1 /* ViewController.swift */,
				1839B39722321E9A00E4425B /* DetailViewController.swift */,
				184B162E223099A200364CA1 /* Petition.swift */,
				184B163022309A9E00364CA1 /* Petitions.swift */,
				184B16202230921200364CA1 /* Main.storyboard */,
				184B16232230921300364CA1 /* Assets.xcassets */,
				184B16252230921300364CA1 /* LaunchScreen.storyboard */,
				184B16282230921300364CA1 /* Info.plist */,
			);
			path = Project7;
			sourceTree = "<group>";
		};
/* End PBXGroup section */

/* Begin PBXNativeTarget section */
		184B16182230921200364CA1 /* Project7 */ = {
			isa = PBXNativeTarget;
			buildConfigurationList = 184B162B2230921300364CA1 /* Build configuration list for PBXNativeTarget "Project7" */;
			buildPhases = (
				184B16152230921200364CA1 /* Sources */,
				184B16162230921200364CA1 /* Frameworks */,
				184B16172230921200364CA1 /* Resources */,
			);
			buildRules = (
			);
			dependencies = (
			);
			name = Project7;
			productName = Project7;
			productReference = 184B16192230921200364CA1 /* Project7.app */;
			productType = "com.apple.product-type.application";
		};
/* End PBXNativeTarget section */

/* Begin PBXProject section */
		184B16112230921200364CA1 /* Project object */ = {
			isa = PBXProject;
			attributes = {
				LastSwiftUpdateCheck = 1010;
				LastUpgradeCheck = 1010;
				ORGANIZATIONNAME = "Impulse Coupled Dev";
				TargetAttributes = {
					184B16182230921200364CA1 = {
						CreatedOnToolsVersion = 10.1;
						LastSwiftMigration = 1020;
					};
				};
			};
			buildConfigurationList = 184B16142230921200364CA1 /* Build configuration list for PBXProject "Project7" */;
			compatibilityVersion = "Xcode 9.3";
			developmentRegion = en;
			hasScannedForEncodings = 0;
			knownRegions = (
				en,
				Base,
			);
			mainGroup = 184B16102230921200364CA1;
			productRefGroup = 184B161A2230921200364CA1 /* Products */;
			projectDirPath = "";
			projectRoot = "";
			targets = (
				184B16182230921200364CA1 /* Project7 */,
			);
		};
/* End PBXProject section */

/* Begin PBXResourcesBuildPhase section */
		184B16172230921200364CA1 /* Resources */ = {
			isa = PBXResourcesBuildPhase;
			buildActionMask = 2147483647;
			files = (
				184B16272230921300364CA1 /* LaunchScreen.storyboard in Resources */,
				184B16242230921300364CA1 /* Assets.xcassets in Resources */,
				184B16222230921200364CA1 /* Main.storyboard in Resources */,
			);
			runOnlyForDeploymentPostprocessing = 0;
		};
/* End PBXResourcesBuildPhase section */

/* Begin PBXSourcesBuildPhase section */
		184B16152230921200364CA1 /* Sources */ = {
			isa = PBXSourcesBuildPhase;
			buildActionMask = 2147483647;
			files = (
				184B161F2230921200364CA1 /* ViewController.swift in Sources */,
				184B163122309A9E00364CA1 /* Petitions.swift in Sources */,
				1839B39822321E9A00E4425B /* DetailViewController.swift in Sources */,
				184B161D2230921200364CA1 /* AppDelegate.swift in Sources */,
				184B162F223099A200364CA1 /* Petition.swift in Sources */,
			);
			runOnlyForDeploymentPostprocessing = 0;
		};
/* End PBXSourcesBuildPhase section */

/* Begin PBXVariantGroup section */
		184B16202230921200364CA1 /* Main.storyboard */ = {
			isa = PBXVariantGroup;
			children = (
				184B16212230921200364CA1 /* Base */,
			);
			name = Main.storyboard;
			sourceTree = "<group>";
		};
		184B16252230921300364CA1 /* LaunchScreen.storyboard */ = {
			isa = PBXVariantGroup;
			children = (
				184B16262230921300364CA1 /* Base */,
			);
			name = LaunchScreen.storyboard;
			sourceTree = "<group>";
		};
/* End PBXVariantGroup section */

/* Begin XCBuildConfiguration section */
		184B16292230921300364CA1 /* Debug */ = {
			isa = XCBuildConfiguration;
			buildSettings = {
				ALWAYS_SEARCH_USER_PATHS = NO;
				CLANG_ANALYZER_NONNULL = YES;
				CLANG_ANALYZER_NUMBER_OBJECT_CONVERSION = YES_AGGRESSIVE;
				CLANG_CXX_LANGUAGE_STANDARD = "gnu++14";
				CLANG_CXX_LIBRARY = "libc++";
				CLANG_ENABLE_MODULES = YES;
				CLANG_ENABLE_OBJC_ARC = YES;
				CLANG_ENABLE_OBJC_WEAK = YES;
				CLANG_WARN_BLOCK_CAPTURE_AUTORELEASING = YES;
				CLANG_WARN_BOOL_CONVERSION = YES;
				CLANG_WARN_COMMA = YES;
				CLANG_WARN_CONSTANT_CONVERSION = YES;
				CLANG_WARN_DEPRECATED_OBJC_IMPLEMENTATIONS = YES;
				CLANG_WARN_DIRECT_OBJC_ISA_USAGE = YES_ERROR;
				CLANG_WARN_DOCUMENTATION_COMMENTS = YES;
				CLANG_WARN_EMPTY_BODY = YES;
				CLANG_WARN_ENUM_CONVERSION = YES;
				CLANG_WARN_INFINITE_RECURSION = YES;
				CLANG_WARN_INT_CONVERSION = YES;
				CLANG_WARN_NON_LITERAL_NULL_CONVERSION = YES;
				CLANG_WARN_OBJC_IMPLICIT_RETAIN_SELF = YES;
				CLANG_WARN_OBJC_LITERAL_CONVERSION = YES;
				CLANG_WARN_OBJC_ROOT_CLASS = YES_ERROR;
				CLANG_WARN_RANGE_LOOP_ANALYSIS = YES;
				CLANG_WARN_STRICT_PROTOTYPES = YES;
				CLANG_WARN_SUSPICIOUS_MOVE = YES;
				CLANG_WARN_UNGUARDED_AVAILABILITY = YES_AGGRESSIVE;
				CLANG_WARN_UNREACHABLE_CODE = YES;
				CLANG_WARN__DUPLICATE_METHOD_MATCH = YES;
				CODE_SIGN_IDENTITY = "iPhone Developer";
				COPY_PHASE_STRIP = NO;
				DEBUG_INFORMATION_FORMAT = dwarf;
				ENABLE_STRICT_OBJC_MSGSEND = YES;
				ENABLE_TESTABILITY = YES;
				GCC_C_LANGUAGE_STANDARD = gnu11;
				GCC_DYNAMIC_NO_PIC = NO;
				GCC_NO_COMMON_BLOCKS = YES;
				GCC_OPTIMIZATION_LEVEL = 0;
				GCC_PREPROCESSOR_DEFINITIONS = (
					"DEBUG=1",
					"$(inherited)",
				);
				GCC_WARN_64_TO_32_BIT_CONVERSION = YES;
				GCC_WARN_ABOUT_RETURN_TYPE = YES_ERROR;
				GCC_WARN_UNDECLARED_SELECTOR = YES;
				GCC_WARN_UNINITIALIZED_AUTOS = YES_AGGRESSIVE;
				GCC_WARN_UNUSED_FUNCTION = YES;
				GCC_WARN_UNUSED_VARIABLE = YES;
				IPHONEOS_DEPLOYMENT_TARGET = 12.1;
				MTL_ENABLE_DEBUG_INFO = INCLUDE_SOURCE;
				MTL_FAST_MATH = YES;
				ONLY_ACTIVE_ARCH = YES;
				SDKROOT = iphoneos;
				SWIFT_ACTIVE_COMPILATION_CONDITIONS = DEBUG;
				SWIFT_OPTIMIZATION_LEVEL = "-Onone";
			};
			name = Debug;
		};
		184B162A2230921300364CA1 /* Release */ = {
			isa = XCBuildConfiguration;
			buildSettings = {
				ALWAYS_SEARCH_USER_PATHS = NO;
				CLANG_ANALYZER_NONNULL = YES;
				CLANG_ANALYZER_NUMBER_OBJECT_CONVERSION = YES_AGGRESSIVE;
				CLANG_CXX_LANGUAGE_STANDARD = "gnu++14";
				CLANG_CXX_LIBRARY = "libc++";
				CLANG_ENABLE_MODULES = YES;
				CLANG_ENABLE_OBJC_ARC = YES;
				CLANG_ENABLE_OBJC_WEAK = YES;
				CLANG_WARN_BLOCK_CAPTURE_AUTORELEASING = YES;
				CLANG_WARN_BOOL_CONVERSION = YES;
				CLANG_WARN_COMMA = YES;
				CLANG_WARN_CONSTANT_CONVERSION = YES;
				CLANG_WARN_DEPRECATED_OBJC_IMPLEMENTATIONS = YES;
				CLANG_WARN_DIRECT_OBJC_ISA_USAGE = YES_ERROR;
				CLANG_WARN_DOCUMENTATION_COMMENTS = YES;
				CLANG_WARN_EMPTY_BODY = YES;
				CLANG_WARN_ENUM_CONVERSION = YES;
				CLANG_WARN_INFINITE_RECURSION = YES;
				CLANG_WARN_INT_CONVERSION = YES;
				CLANG_WARN_NON_LITERAL_NULL_CONVERSION = YES;
				CLANG_WARN_OBJC_IMPLICIT_RETAIN_SELF = YES;
				CLANG_WARN_OBJC_LITERAL_CONVERSION = YES;
				CLANG_WARN_OBJC_ROOT_CLASS = YES_ERROR;
				CLANG_WARN_RANGE_LOOP_ANALYSIS = YES;
				CLANG_WARN_STRICT_PROTOTYPES = YES;
				CLANG_WARN_SUSPICIOUS_MOVE = YES;
				CLANG_WARN_UNGUARDED_AVAILABILITY = YES_AGGRESSIVE;
				CLANG_WARN_UNREACHABLE_CODE = YES;
				CLANG_WARN__DUPLICATE_METHOD_MATCH = YES;
				CODE_SIGN_IDENTITY = "iPhone Developer";
				COPY_PHASE_STRIP = NO;
				DEBUG_INFORMATION_FORMAT = "dwarf-with-dsym";
				ENABLE_NS_ASSERTIONS = NO;
				ENABLE_STRICT_OBJC_MSGSEND = YES;
				GCC_C_LANGUAGE_STANDARD = gnu11;
				GCC_NO_COMMON_BLOCKS = YES;
				GCC_WARN_64_TO_32_BIT_CONVERSION = YES;
				GCC_WARN_ABOUT_RETURN_TYPE = YES_ERROR;
				GCC_WARN_UNDECLARED_SELECTOR = YES;
				GCC_WARN_UNINITIALIZED_AUTOS = YES_AGGRESSIVE;
				GCC_WARN_UNUSED_FUNCTION = YES;
				GCC_WARN_UNUSED_VARIABLE = YES;
				IPHONEOS_DEPLOYMENT_TARGET = 12.1;
				MTL_ENABLE_DEBUG_INFO = NO;
				MTL_FAST_MATH = YES;
				SDKROOT = iphoneos;
				SWIFT_COMPILATION_MODE = wholemodule;
				SWIFT_OPTIMIZATION_LEVEL = "-O";
				VALIDATE_PRODUCT = YES;
			};
			name = Release;
		};
		184B162C2230921300364CA1 /* Debug */ = {
			isa = XCBuildConfiguration;
			buildSettings = {
				ASSETCATALOG_COMPILER_APPICON_NAME = AppIcon;
				CODE_SIGN_STYLE = Automatic;
				DEVELOPMENT_TEAM = 4Q332864D3;
				INFOPLIST_FILE = Project7/Info.plist;
				LD_RUNPATH_SEARCH_PATHS = (
					"$(inherited)",
					"@executable_path/Frameworks",
				);
				PRODUCT_BUNDLE_IDENTIFIER = ImpulseCoupledDevelopment.Project7;
				PRODUCT_NAME = "$(TARGET_NAME)";
				SWIFT_VERSION = 5.0;
				TARGETED_DEVICE_FAMILY = "1,2";
			};
			name = Debug;
		};
		184B162D2230921300364CA1 /* Release */ = {
			isa = XCBuildConfiguration;
			buildSettings = {
				ASSETCATALOG_COMPILER_APPICON_NAME = AppIcon;
				CODE_SIGN_STYLE = Automatic;
				DEVELOPMENT_TEAM = 4Q332864D3;
				INFOPLIST_FILE = Project7/Info.plist;
				LD_RUNPATH_SEARCH_PATHS = (
					"$(inherited)",
					"@executable_path/Frameworks",
				);
				PRODUCT_BUNDLE_IDENTIFIER = ImpulseCoupledDevelopment.Project7;
				PRODUCT_NAME = "$(TARGET_NAME)";
				SWIFT_VERSION = 5.0;
				TARGETED_DEVICE_FAMILY = "1,2";
			};
			name = Release;
		};
/* End XCBuildConfiguration section */

/* Begin XCConfigurationList section */
		184B16142230921200364CA1 /* Build configuration list for PBXProject "Project7" */ = {
			isa = XCConfigurationList;
			buildConfigurations = (
				184B16292230921300364CA1 /* Debug */,
				184B162A2230921300364CA1 /* Release */,
			);
			defaultConfigurationIsVisible = 0;
			defaultConfigurationName = Release;
		};
		184B162B2230921300364CA1 /* Build configuration list for PBXNativeTarget "Project7" */ = {
			isa = XCConfigurationList;
			buildConfigurations = (
				184B162C2230921300364CA1 /* Debug */,
				184B162D2230921300364CA1 /* Release */,
			);
			defaultConfigurationIsVisible = 0;
			defaultConfigurationName = Release;
		};
/* End XCConfigurationList section */
	};
	rootObject = 184B16112230921200364CA1 /* Project object */;
}
